
Microsoft Visual Studio Solution File, Format Version 12.00
# Visual Studio Version 16
VisualStudioVersion = 16.0.29920.165
MinimumVisualStudioVersion = 10.0.40219.1
Project("{FAE04EC0-301F-11D3-BF4B-00C04F79EFBC}") = "DataAccessLayer", "DataAccessLayer\DataAccessLayer.csproj", "{6CDF3E81-CE1C-4E37-A0DB-676C266B77B7}"
EndProject
Global
	GlobalSection(SolutionConfigurationPlatforms) = preSolution
		Debug|Any CPU = Debug|Any CPU
		Release|Any CPU = Release|Any CPU
	EndGlobalSection
	GlobalSection(ProjectConfigurationPlatforms) = postSolution
		{6CDF3E81-CE1C-4E37-A0DB-676C266B77B7}.Debug|Any CPU.ActiveCfg = Debug|Any CPU
		{6CDF3E81-CE1C-4E37-A0DB-676C266B77B7}.Debug|Any CPU.Build.0 = Debug|Any CPU
		{6CDF3E81-CE1C-4E37-A0DB-676C266B77B7}.Release|Any CPU.ActiveCfg = Release|Any CPU
		{6CDF3E81-CE1C-4E37-A0DB-676C266B77B7}.Release|Any CPU.Build.0 = Release|Any CPU
	EndGlobalSection
	GlobalSection(SolutionProperties) = preSolution
		HideSolutionNode = FALSE
	EndGlobalSection
	GlobalSection(ExtensibilityGlobals) = postSolution
		SolutionGuid = {E107C6D3-8A71-47DE-ACFB-6C2BB23C2DC3}
	EndGlobalSection
EndGlobal
